
Microsoft Visual Studio Solution File, Format Version 12.00
# Visual Studio Version 16
VisualStudioVersion = 16.0.30621.155
MinimumVisualStudioVersion = 10.0.40219.1
Project("{FAE04EC0-301F-11D3-BF4B-00C04F79EFBC}") = "aula03Ex01", "aula03Ex01\aula03Ex01.csproj", "{C777E931-B921-4115-8470-59E09597A7E8}"
EndProject
Global
	GlobalSection(SolutionConfigurationPlatforms) = preSolution
		Debug|Any CPU = Debug|Any CPU
		Release|Any CPU = Release|Any CPU
	EndGlobalSection
	GlobalSection(ProjectConfigurationPlatforms) = postSolution
		{C777E931-B921-4115-8470-59E09597A7E8}.Debug|Any CPU.ActiveCfg = Debug|Any CPU
		{C777E931-B921-4115-8470-59E09597A7E8}.Debug|Any CPU.Build.0 = Debug|Any CPU
		{C777E931-B921-4115-8470-59E09597A7E8}.Release|Any CPU.ActiveCfg = Release|Any CPU
		{C777E931-B921-4115-8470-59E09597A7E8}.Release|Any CPU.Build.0 = Release|Any CPU
	EndGlobalSection
	GlobalSection(SolutionProperties) = preSolution
		HideSolutionNode = FALSE
	EndGlobalSection
	GlobalSection(ExtensibilityGlobals) = postSolution
		SolutionGuid = {2F4553DC-067F-4464-BF03-0CC3544E511A}
	EndGlobalSection
EndGlobal
