
Microsoft Visual Studio Solution File, Format Version 12.00
# Visual Studio Version 16
VisualStudioVersion = 16.0.30621.155
MinimumVisualStudioVersion = 10.0.40219.1
Project("{FAE04EC0-301F-11D3-BF4B-00C04F79EFBC}") = "Aula2Ex2", "Aula2Ex2\Aula2Ex2.csproj", "{50F69ECC-7CAC-40DC-B1E2-759601E170ED}"
EndProject
Global
	GlobalSection(SolutionConfigurationPlatforms) = preSolution
		Debug|Any CPU = Debug|Any CPU
		Release|Any CPU = Release|Any CPU
	EndGlobalSection
	GlobalSection(ProjectConfigurationPlatforms) = postSolution
		{50F69ECC-7CAC-40DC-B1E2-759601E170ED}.Debug|Any CPU.ActiveCfg = Debug|Any CPU
		{50F69ECC-7CAC-40DC-B1E2-759601E170ED}.Debug|Any CPU.Build.0 = Debug|Any CPU
		{50F69ECC-7CAC-40DC-B1E2-759601E170ED}.Release|Any CPU.ActiveCfg = Release|Any CPU
		{50F69ECC-7CAC-40DC-B1E2-759601E170ED}.Release|Any CPU.Build.0 = Release|Any CPU
	EndGlobalSection
	GlobalSection(SolutionProperties) = preSolution
		HideSolutionNode = FALSE
	EndGlobalSection
	GlobalSection(ExtensibilityGlobals) = postSolution
		SolutionGuid = {AABE0D0A-B993-46D1-BDE6-13A746355120}
	EndGlobalSection
EndGlobal
