
Microsoft Visual Studio Solution File, Format Version 12.00
# Visual Studio Version 16
VisualStudioVersion = 16.0.30621.155
MinimumVisualStudioVersion = 10.0.40219.1
Project("{FAE04EC0-301F-11D3-BF4B-00C04F79EFBC}") = "aula03Ex02", "aula03Ex02\aula03Ex02.csproj", "{704CA0D3-40C3-424F-83F5-33739F06C8D5}"
EndProject
Global
	GlobalSection(SolutionConfigurationPlatforms) = preSolution
		Debug|Any CPU = Debug|Any CPU
		Release|Any CPU = Release|Any CPU
	EndGlobalSection
	GlobalSection(ProjectConfigurationPlatforms) = postSolution
		{704CA0D3-40C3-424F-83F5-33739F06C8D5}.Debug|Any CPU.ActiveCfg = Debug|Any CPU
		{704CA0D3-40C3-424F-83F5-33739F06C8D5}.Debug|Any CPU.Build.0 = Debug|Any CPU
		{704CA0D3-40C3-424F-83F5-33739F06C8D5}.Release|Any CPU.ActiveCfg = Release|Any CPU
		{704CA0D3-40C3-424F-83F5-33739F06C8D5}.Release|Any CPU.Build.0 = Release|Any CPU
	EndGlobalSection
	GlobalSection(SolutionProperties) = preSolution
		HideSolutionNode = FALSE
	EndGlobalSection
	GlobalSection(ExtensibilityGlobals) = postSolution
		SolutionGuid = {57A9E9CE-68FD-43E1-A9D7-C50A4007199E}
	EndGlobalSection
EndGlobal
