
Microsoft Visual Studio Solution File, Format Version 12.00
# Visual Studio Version 16
VisualStudioVersion = 16.0.30621.155
MinimumVisualStudioVersion = 10.0.40219.1
Project("{FAE04EC0-301F-11D3-BF4B-00C04F79EFBC}") = "aula10-12Ex2", "aula10-12Ex2\aula10-12Ex2.csproj", "{20F0AB77-9151-411B-AE07-F1A9D009B08A}"
EndProject
Global
	GlobalSection(SolutionConfigurationPlatforms) = preSolution
		Debug|Any CPU = Debug|Any CPU
		Release|Any CPU = Release|Any CPU
	EndGlobalSection
	GlobalSection(ProjectConfigurationPlatforms) = postSolution
		{20F0AB77-9151-411B-AE07-F1A9D009B08A}.Debug|Any CPU.ActiveCfg = Debug|Any CPU
		{20F0AB77-9151-411B-AE07-F1A9D009B08A}.Debug|Any CPU.Build.0 = Debug|Any CPU
		{20F0AB77-9151-411B-AE07-F1A9D009B08A}.Release|Any CPU.ActiveCfg = Release|Any CPU
		{20F0AB77-9151-411B-AE07-F1A9D009B08A}.Release|Any CPU.Build.0 = Release|Any CPU
	EndGlobalSection
	GlobalSection(SolutionProperties) = preSolution
		HideSolutionNode = FALSE
	EndGlobalSection
	GlobalSection(ExtensibilityGlobals) = postSolution
		SolutionGuid = {174172C9-E182-402F-BA0E-F71C4E877A58}
	EndGlobalSection
EndGlobal
